
Microsoft Visual Studio Solution File, Format Version 12.00
# Visual Studio 15
VisualStudioVersion = 15.0.27004.2009
MinimumVisualStudioVersion = 10.0.40219.1
Project("{FAE04EC0-301F-11D3-BF4B-00C04F79EFBC}") = "MediatorPattern", "MediatorPattern\MediatorPattern.csproj", "{29AB6FDA-61C2-413A-A239-D5887B588DC8}"
EndProject
Global
	GlobalSection(SolutionConfigurationPlatforms) = preSolution
		Debug|Any CPU = Debug|Any CPU
		Release|Any CPU = Release|Any CPU
	EndGlobalSection
	GlobalSection(ProjectConfigurationPlatforms) = postSolution
		{29AB6FDA-61C2-413A-A239-D5887B588DC8}.Debug|Any CPU.ActiveCfg = Debug|Any CPU
		{29AB6FDA-61C2-413A-A239-D5887B588DC8}.Debug|Any CPU.Build.0 = Debug|Any CPU
		{29AB6FDA-61C2-413A-A239-D5887B588DC8}.Release|Any CPU.ActiveCfg = Release|Any CPU
		{29AB6FDA-61C2-413A-A239-D5887B588DC8}.Release|Any CPU.Build.0 = Release|Any CPU
	EndGlobalSection
	GlobalSection(SolutionProperties) = preSolution
		HideSolutionNode = FALSE
	EndGlobalSection
	GlobalSection(ExtensibilityGlobals) = postSolution
		SolutionGuid = {471D88C2-58CA-4F88-BAD3-ED797EF1D1B3}
	EndGlobalSection
EndGlobal
